
Microsoft Visual Studio Solution File, Format Version 12.00
# Visual Studio Version 17
VisualStudioVersion = 17.6.33829.357
MinimumVisualStudioVersion = 10.0.40219.1
Project("{9A19103F-16F7-4668-BE54-9A1E7A4F7556}") = "Ecommerce.Infrastructure", "Ecommerce.Infrastructure\Ecommerce.Infrastructure.csproj", "{74AB605D-0429-44D4-BC19-4451D50073C6}"
EndProject
Project("{9A19103F-16F7-4668-BE54-9A1E7A4F7556}") = "Ecommerce.Domain", "Ecommerce.Domain\Ecommerce.Domain.csproj", "{8DF42C18-0780-4D36-846C-F82A20C07A50}"
EndProject
Project("{9A19103F-16F7-4668-BE54-9A1E7A4F7556}") = "Ecommerce.Application", "Ecommerce.Application\Ecommerce.Application.csproj", "{E658D454-2B31-4C8A-B9BA-965B511E3132}"
EndProject
Project("{9A19103F-16F7-4668-BE54-9A1E7A4F7556}") = "Ecommerce.API", "Ecommerce.API\Ecommerce.API.csproj", "{BDDF23D1-19CF-4C57-A715-6B2FD79C43E1}"
EndProject
Project("{FAE04EC0-301F-11D3-BF4B-00C04F79EFBC}") = "Ecommerce.view", "Ecommerce.view\Ecommerce.view.csproj", "{1029B4EA-8AF3-43E5-9C63-CED5326E6478}"
EndProject
Global
	GlobalSection(SolutionConfigurationPlatforms) = preSolution
		Debug|Any CPU = Debug|Any CPU
		Release|Any CPU = Release|Any CPU
	EndGlobalSection
	GlobalSection(ProjectConfigurationPlatforms) = postSolution
		{74AB605D-0429-44D4-BC19-4451D50073C6}.Debug|Any CPU.ActiveCfg = Debug|Any CPU
		{74AB605D-0429-44D4-BC19-4451D50073C6}.Debug|Any CPU.Build.0 = Debug|Any CPU
		{74AB605D-0429-44D4-BC19-4451D50073C6}.Release|Any CPU.ActiveCfg = Release|Any CPU
		{74AB605D-0429-44D4-BC19-4451D50073C6}.Release|Any CPU.Build.0 = Release|Any CPU
		{8DF42C18-0780-4D36-846C-F82A20C07A50}.Debug|Any CPU.ActiveCfg = Debug|Any CPU
		{8DF42C18-0780-4D36-846C-F82A20C07A50}.Debug|Any CPU.Build.0 = Debug|Any CPU
		{8DF42C18-0780-4D36-846C-F82A20C07A50}.Release|Any CPU.ActiveCfg = Release|Any CPU
		{8DF42C18-0780-4D36-846C-F82A20C07A50}.Release|Any CPU.Build.0 = Release|Any CPU
		{E658D454-2B31-4C8A-B9BA-965B511E3132}.Debug|Any CPU.ActiveCfg = Debug|Any CPU
		{E658D454-2B31-4C8A-B9BA-965B511E3132}.Debug|Any CPU.Build.0 = Debug|Any CPU
		{E658D454-2B31-4C8A-B9BA-965B511E3132}.Release|Any CPU.ActiveCfg = Release|Any CPU
		{E658D454-2B31-4C8A-B9BA-965B511E3132}.Release|Any CPU.Build.0 = Release|Any CPU
		{BDDF23D1-19CF-4C57-A715-6B2FD79C43E1}.Debug|Any CPU.ActiveCfg = Debug|Any CPU
		{BDDF23D1-19CF-4C57-A715-6B2FD79C43E1}.Debug|Any CPU.Build.0 = Debug|Any CPU
		{BDDF23D1-19CF-4C57-A715-6B2FD79C43E1}.Release|Any CPU.ActiveCfg = Release|Any CPU
		{BDDF23D1-19CF-4C57-A715-6B2FD79C43E1}.Release|Any CPU.Build.0 = Release|Any CPU
		{1029B4EA-8AF3-43E5-9C63-CED5326E6478}.Debug|Any CPU.ActiveCfg = Debug|Any CPU
		{1029B4EA-8AF3-43E5-9C63-CED5326E6478}.Debug|Any CPU.Build.0 = Debug|Any CPU
		{1029B4EA-8AF3-43E5-9C63-CED5326E6478}.Release|Any CPU.ActiveCfg = Release|Any CPU
		{1029B4EA-8AF3-43E5-9C63-CED5326E6478}.Release|Any CPU.Build.0 = Release|Any CPU
	EndGlobalSection
	GlobalSection(SolutionProperties) = preSolution
		HideSolutionNode = FALSE
	EndGlobalSection
	GlobalSection(ExtensibilityGlobals) = postSolution
		SolutionGuid = {7CF7D881-0EDD-4F63-8895-7F3B73D72C07}
	EndGlobalSection
EndGlobal
